{
  "version": 4,
  "terraform_version": "1.5.6",
  "serial": 17,
  "lineage": "6404d536-9ee5-78b4-9055-939a2a527123",
  "outputs": {},
  "resources": [
    {
      "mode": "managed",
      "type": "helm_release",
      "name": "hello-world",
      "provider": "provider[\"registry.terraform.io/hashicorp/helm\"]",
      "instances": [
        {
          "schema_version": 1,
          "attributes": {
            "atomic": false,
            "chart": "hello-world-app",
            "cleanup_on_fail": false,
            "create_namespace": true,
            "dependency_update": false,
            "description": null,
            "devel": null,
            "disable_crd_hooks": false,
            "disable_openapi_validation": false,
            "disable_webhooks": false,
            "force_update": false,
            "id": "oren-hello",
            "keyring": null,
            "lint": false,
            "manifest": null,
            "max_history": 0,
            "metadata": [
              {
                "app_version": "0.2.0",
                "chart": "hello-world-app",
                "first_deployed": 1732127419,
                "last_deployed": 1732127419,
                "name": "oren-hello",
                "namespace": "hello",
                "notes": "1. Get the application URL by running these commands:\n     NOTE: It may take a few minutes for the LoadBalancer IP to be available.\n           You can watch the status of by running 'kubectl get --namespace hello svc -w oren-hello-hello-world-app'\n  export SERVICE_IP=$(kubectl get svc --namespace hello oren-hello-hello-world-app --template \"{{ range (index .status.loadBalancer.ingress 0) }}{{.}}{{ end }}\")\n  echo http://$SERVICE_IP:80\n",
                "revision": 1,
                "values": "{\"ingress\":{\"enabled\":false},\"service\":{\"type\":\"LoadBalancer\"}}",
                "version": "1.2.2"
              }
            ],
            "name": "oren-hello",
            "namespace": "hello",
            "pass_credentials": false,
            "postrender": [],
            "recreate_pods": false,
            "render_subchart_notes": true,
            "replace": false,
            "repository": "https://charts.softonic.io",
            "repository_ca_file": null,
            "repository_cert_file": null,
            "repository_key_file": null,
            "repository_password": null,
            "repository_username": null,
            "reset_values": false,
            "reuse_values": false,
            "set": [
              {
                "name": "ingress.enabled",
                "type": "",
                "value": "false"
              },
              {
                "name": "service.type",
                "type": "",
                "value": "LoadBalancer"
              }
            ],
            "set_list": [],
            "set_sensitive": [],
            "skip_crds": false,
            "status": "deployed",
            "timeout": 300,
            "upgrade_install": null,
            "values": null,
            "verify": false,
            "version": "1.2.2",
            "wait": true,
            "wait_for_jobs": false
          },
          "sensitive_attributes": [],
          "private": "eyJzY2hlbWFfdmVyc2lvbiI6IjEifQ=="
        }
      ]
    },
    {
      "mode": "managed",
      "type": "local_file",
      "name": "writefile",
      "provider": "provider[\"registry.terraform.io/hashicorp/local\"]",
      "instances": [
        {
          "schema_version": 0,
          "attributes": {
            "content": "this is a new file created by terraform on this diractory",
            "content_base64": null,
            "content_base64sha256": "g6FZGcoPECrMZiEufzRFpYIO7Fg7blkilFfy0yvj9Oc=",
            "content_base64sha512": "LkyfrwU2RQrUtKMk88CkM0uMU50GU5EmCnAfP+I4f+WvN1VroZVm15/f0nhc3SHKY3N3unjuLdPERUixidyqig==",
            "content_md5": "f91328f3d4b0a10305f6c0ee7d4bac84",
            "content_sha1": "d8e5d7ed6003236ab598964514f9336ed3a6b96f",
            "content_sha256": "83a15919ca0f102acc66212e7f3445a5820eec583b6e59229457f2d32be3f4e7",
            "content_sha512": "2e4c9faf0536450ad4b4a324f3c0a4334b8c539d065391260a701f3fe2387fe5af37556ba19566d79fdfd2785cdd21ca637377ba78ee2dd3c44548b189dcaa8a",
            "directory_permission": "0777",
            "file_permission": "0777",
            "filename": "./oren.txt",
            "id": "d8e5d7ed6003236ab598964514f9336ed3a6b96f",
            "sensitive_content": null,
            "source": null
          },
          "sensitive_attributes": []
        }
      ]
    }
  ],
  "check_results": null
}
